{
  "requires": true,
  "lockfileVersion": 1,
  "dependencies": {
    "chroniton": {
      "version": "1.1.0",
      "resolved": "https://registry.npmjs.org/chroniton/-/chroniton-1.1.0.tgz",
      "integrity": "sha1-9fJ0K0TYkLdAUt9rqL+ToLBTx5E=",
      "requires": {
        "d3": "^3.5.3"
      }
    },
    "d3": {
      "version": "3.5.17",
      "resolved": "https://registry.npmjs.org/d3/-/d3-3.5.17.tgz",
      "integrity": "sha1-vEZ0gAQ3iyGjYMn8fPUjF5B2L7g="
    },
    "from": {
      "version": "0.1.7",
      "resolved": "https://registry.npmjs.org/from/-/from-0.1.7.tgz",
      "integrity": "sha1-g8YK/Fi5xWmXAH7Rp2izqzA6RP4="
    },
    "import": {
      "version": "0.0.6",
      "resolved": "https://registry.npmjs.org/import/-/import-0.0.6.tgz",
      "integrity": "sha1-0Ot534aqJnfG22FXilISswMeYEI=",
      "requires": {
        "optimist": "0.3.x"
      }
    },
    "optimist": {
      "version": "0.3.7",
      "resolved": "https://registry.npmjs.org/optimist/-/optimist-0.3.7.tgz",
      "integrity": "sha1-yQlBrVnkJzMokjB00s8ufLxuwNk=",
      "requires": {
        "wordwrap": "~0.0.2"
      }
    },
    "textures": {
      "version": "1.2.0",
      "resolved": "https://registry.npmjs.org/textures/-/textures-1.2.0.tgz",
      "integrity": "sha512-LZMoRuqJa2orHW36rZIQcqAJ22EBv5aJQ0zoTlicWA2W2O8Ri3g6hypu9g2mgh3Va5e3zgAeOxNtmt85EoWbxw=="
    },
    "wordwrap": {
      "version": "0.0.3",
      "resolved": "https://registry.npmjs.org/wordwrap/-/wordwrap-0.0.3.tgz",
      "integrity": "sha1-o9XabNXAvAAI03I0u68b7WMFkQc="
    }
  }
}
